Microsoft Visual Studio Solution File, Format Version 12.00
# Visual Studio 15
VisualStudioVersion = 15.0.26730.16
MinimumVisualStudioVersion = 15.0.26124.0
Project("{6EC3EE1D-3C4E-46DD-8F32-0CC8E7565705}") = "AsciiArtKata", "AsciiArtKata\AsciiArtKata.fsproj", "{73915828-3F5D-4E53-AC13-65596FD0056D}"
EndProject
Project("{6EC3EE1D-3C4E-46DD-8F32-0CC8E7565705}") = "AsciiArtKata.Tests", "AsciiArtKata.Tests\AsciiArtKata.Tests.fsproj", "{C78EC868-546B-4A2E-A773-76F2DED0B24D}"
EndProject
Global
	GlobalSection(SolutionConfigurationPlatforms) = preSolution
		Debug|Any CPU = Debug|Any CPU
		Debug|x64 = Debug|x64
		Debug|x86 = Debug|x86
		Release|Any CPU = Release|Any CPU
		Release|x64 = Release|x64
		Release|x86 = Release|x86
	EndGlobalSection
	GlobalSection(ProjectConfigurationPlatforms) = postSolution
		{73915828-3F5D-4E53-AC13-65596FD0056D}.Debug|Any CPU.ActiveCfg = Debug|Any CPU
		{73915828-3F5D-4E53-AC13-65596FD0056D}.Debug|Any CPU.Build.0 = Debug|Any CPU
		{73915828-3F5D-4E53-AC13-65596FD0056D}.Debug|x64.ActiveCfg = Debug|Any CPU
		{73915828-3F5D-4E53-AC13-65596FD0056D}.Debug|x64.Build.0 = Debug|Any CPU
		{73915828-3F5D-4E53-AC13-65596FD0056D}.Debug|x86.ActiveCfg = Debug|Any CPU
		{73915828-3F5D-4E53-AC13-65596FD0056D}.Debug|x86.Build.0 = Debug|Any CPU
		{73915828-3F5D-4E53-AC13-65596FD0056D}.Release|Any CPU.ActiveCfg = Release|Any CPU
		{73915828-3F5D-4E53-AC13-65596FD0056D}.Release|Any CPU.Build.0 = Release|Any CPU
		{73915828-3F5D-4E53-AC13-65596FD0056D}.Release|x64.ActiveCfg = Release|Any CPU
		{73915828-3F5D-4E53-AC13-65596FD0056D}.Release|x64.Build.0 = Release|Any CPU
		{73915828-3F5D-4E53-AC13-65596FD0056D}.Release|x86.ActiveCfg = Release|Any CPU
		{73915828-3F5D-4E53-AC13-65596FD0056D}.Release|x86.Build.0 = Release|Any CPU
		{C78EC868-546B-4A2E-A773-76F2DED0B24D}.Debug|Any CPU.ActiveCfg = Debug|Any CPU
		{C78EC868-546B-4A2E-A773-76F2DED0B24D}.Debug|Any CPU.Build.0 = Debug|Any CPU
		{C78EC868-546B-4A2E-A773-76F2DED0B24D}.Debug|x64.ActiveCfg = Debug|Any CPU
		{C78EC868-546B-4A2E-A773-76F2DED0B24D}.Debug|x64.Build.0 = Debug|Any CPU
		{C78EC868-546B-4A2E-A773-76F2DED0B24D}.Debug|x86.ActiveCfg = Debug|Any CPU
		{C78EC868-546B-4A2E-A773-76F2DED0B24D}.Debug|x86.Build.0 = Debug|Any CPU
		{C78EC868-546B-4A2E-A773-76F2DED0B24D}.Release|Any CPU.ActiveCfg = Release|Any CPU
		{C78EC868-546B-4A2E-A773-76F2DED0B24D}.Release|Any CPU.Build.0 = Release|Any CPU
		{C78EC868-546B-4A2E-A773-76F2DED0B24D}.Release|x64.ActiveCfg = Release|Any CPU
		{C78EC868-546B-4A2E-A773-76F2DED0B24D}.Release|x64.Build.0 = Release|Any CPU
		{C78EC868-546B-4A2E-A773-76F2DED0B24D}.Release|x86.ActiveCfg = Release|Any CPU
		{C78EC868-546B-4A2E-A773-76F2DED0B24D}.Release|x86.Build.0 = Release|Any CPU
	EndGlobalSection
	GlobalSection(SolutionProperties) = preSolution
		HideSolutionNode = FALSE
	EndGlobalSection
	GlobalSection(ExtensibilityGlobals) = postSolution
		SolutionGuid = {A746558E-981C-4160-98CC-FCFEDA0F6D99}
	EndGlobalSection
EndGlobal
